
Microsoft Visual Studio Solution File, Format Version 12.00
# Visual Studio Version 18
VisualStudioVersion = 18.2.11415.280
MinimumVisualStudioVersion = 10.0.40219.1
Project("{FAE04EC0-301F-11D3-BF4B-00C04F79EFBC}") = "GeometryShape", "GeometryShape.csproj", "{F8A2CE02-0BD5-43BC-861D-5672010092C3}"
EndProject
Project("{FAE04EC0-301F-11D3-BF4B-00C04F79EFBC}") = "GeometryShape.Tests", "..\GeometryShape.Tests\GeometryShape.Tests.csproj", "{1BC5E0C3-44C3-4045-B1A0-F1D5AABC5E19}"
EndProject
Global
	GlobalSection(SolutionConfigurationPlatforms) = preSolution
		Debug|Any CPU = Debug|Any CPU
		Debug|x64 = Debug|x64
		Debug|x86 = Debug|x86
		Release|Any CPU = Release|Any CPU
		Release|x64 = Release|x64
		Release|x86 = Release|x86
	EndGlobalSection
	GlobalSection(ProjectConfigurationPlatforms) = postSolution
		{F8A2CE02-0BD5-43BC-861D-5672010092C3}.Debug|Any CPU.ActiveCfg = Debug|Any CPU
		{F8A2CE02-0BD5-43BC-861D-5672010092C3}.Debug|Any CPU.Build.0 = Debug|Any CPU
		{F8A2CE02-0BD5-43BC-861D-5672010092C3}.Debug|x64.ActiveCfg = Debug|Any CPU
		{F8A2CE02-0BD5-43BC-861D-5672010092C3}.Debug|x64.Build.0 = Debug|Any CPU
		{F8A2CE02-0BD5-43BC-861D-5672010092C3}.Debug|x86.ActiveCfg = Debug|Any CPU
		{F8A2CE02-0BD5-43BC-861D-5672010092C3}.Debug|x86.Build.0 = Debug|Any CPU
		{F8A2CE02-0BD5-43BC-861D-5672010092C3}.Release|Any CPU.ActiveCfg = Release|Any CPU
		{F8A2CE02-0BD5-43BC-861D-5672010092C3}.Release|Any CPU.Build.0 = Release|Any CPU
		{F8A2CE02-0BD5-43BC-861D-5672010092C3}.Release|x64.ActiveCfg = Release|Any CPU
		{F8A2CE02-0BD5-43BC-861D-5672010092C3}.Release|x64.Build.0 = Release|Any CPU
		{F8A2CE02-0BD5-43BC-861D-5672010092C3}.Release|x86.ActiveCfg = Release|Any CPU
		{F8A2CE02-0BD5-43BC-861D-5672010092C3}.Release|x86.Build.0 = Release|Any CPU
		{1BC5E0C3-44C3-4045-B1A0-F1D5AABC5E19}.Debug|Any CPU.ActiveCfg = Debug|Any CPU
		{1BC5E0C3-44C3-4045-B1A0-F1D5AABC5E19}.Debug|Any CPU.Build.0 = Debug|Any CPU
		{1BC5E0C3-44C3-4045-B1A0-F1D5AABC5E19}.Debug|x64.ActiveCfg = Debug|Any CPU
		{1BC5E0C3-44C3-4045-B1A0-F1D5AABC5E19}.Debug|x64.Build.0 = Debug|Any CPU
		{1BC5E0C3-44C3-4045-B1A0-F1D5AABC5E19}.Debug|x86.ActiveCfg = Debug|Any CPU
		{1BC5E0C3-44C3-4045-B1A0-F1D5AABC5E19}.Debug|x86.Build.0 = Debug|Any CPU
		{1BC5E0C3-44C3-4045-B1A0-F1D5AABC5E19}.Release|Any CPU.ActiveCfg = Release|Any CPU
		{1BC5E0C3-44C3-4045-B1A0-F1D5AABC5E19}.Release|Any CPU.Build.0 = Release|Any CPU
		{1BC5E0C3-44C3-4045-B1A0-F1D5AABC5E19}.Release|x64.ActiveCfg = Release|Any CPU
		{1BC5E0C3-44C3-4045-B1A0-F1D5AABC5E19}.Release|x64.Build.0 = Release|Any CPU
		{1BC5E0C3-44C3-4045-B1A0-F1D5AABC5E19}.Release|x86.ActiveCfg = Release|Any CPU
		{1BC5E0C3-44C3-4045-B1A0-F1D5AABC5E19}.Release|x86.Build.0 = Release|Any CPU
	EndGlobalSection
	GlobalSection(SolutionProperties) = preSolution
		HideSolutionNode = FALSE
	EndGlobalSection
	GlobalSection(ExtensibilityGlobals) = postSolution
		SolutionGuid = {01EDE848-7F92-4852-AFC4-1C8F79CB76EE}
	EndGlobalSection
EndGlobal
